
Microsoft Visual Studio Solution File, Format Version 12.00
# Visual Studio 15
Project("{FAE04EC0-301F-11D3-BF4B-00C04F79EFBC}") = "Assembly-CSharp", "Assembly-CSharp.csproj", "{942B2F1E-AA6B-5D89-1472-D688E2A87595}"
EndProject
Project("{FAE04EC0-301F-11D3-BF4B-00C04F79EFBC}") = "Assembly-CSharp-Editor", "Assembly-CSharp-Editor.csproj", "{157622A9-512F-1809-55E8-9029E626B6A0}"
EndProject
Global
	GlobalSection(SolutionConfigurationPlatforms) = preSolution
		Debug|Any CPU = Debug|Any CPU
		Release|Any CPU = Release|Any CPU
	EndGlobalSection
	GlobalSection(ProjectConfigurationPlatforms) = postSolution
		{942B2F1E-AA6B-5D89-1472-D688E2A87595}.Debug|Any CPU.ActiveCfg = Debug|Any CPU
		{942B2F1E-AA6B-5D89-1472-D688E2A87595}.Debug|Any CPU.Build.0 = Debug|Any CPU
		{942B2F1E-AA6B-5D89-1472-D688E2A87595}.Release|Any CPU.ActiveCfg = Release|Any CPU
		{942B2F1E-AA6B-5D89-1472-D688E2A87595}.Release|Any CPU.Build.0 = Release|Any CPU
		{157622A9-512F-1809-55E8-9029E626B6A0}.Debug|Any CPU.ActiveCfg = Debug|Any CPU
		{157622A9-512F-1809-55E8-9029E626B6A0}.Debug|Any CPU.Build.0 = Debug|Any CPU
		{157622A9-512F-1809-55E8-9029E626B6A0}.Release|Any CPU.ActiveCfg = Release|Any CPU
		{157622A9-512F-1809-55E8-9029E626B6A0}.Release|Any CPU.Build.0 = Release|Any CPU
	EndGlobalSection
	GlobalSection(SolutionProperties) = preSolution
		HideSolutionNode = FALSE
	EndGlobalSection
EndGlobal
